{
    "_meta": {
        "hash": {
            "sha256": "b67bafbb0dd17c837d3e21537bae5285722e3f48e66dd4b2bf9812c6e0c4cec1"
        },
        "pipfile-spec": 6,
        "requires": {
            "python_version": "3.8"
        },
        "sources": [
            {
                "name": "pypi",
                "url": "https://pypi.org/simple",
                "verify_ssl": true
            }
        ]
    },
    "default": {
        "ask-sdk-core": {
            "hashes": [
                "sha256:0f07095a8fa63796b3722ffc7fbeebd1ae15e458bf46985e34831f75a1a2b92d",
                "sha256:a3aedf1083b7aa83a2dda76fc944d6801bbced7cf1a41c70a750c7097361d065"
            ],
            "index": "pypi",
            "version": "==1.15.0"
        },
        "ask-sdk-model": {
            "hashes": [
                "sha256:3ba3146b484e4cee0bada3c7ffb1eea669992ad4b263959a3f723cdf9c0e10df",
                "sha256:4eacd8af42fe21c529d9d48ec9c964a46e59137b6e2fdc0f3e9b5861e6a59ad7"
            ],
            "version": "==1.29.0"
        },
        "ask-sdk-runtime": {
            "hashes": [
                "sha256:1fe636ac6b6818d123511667a4151e1c396ec2747a7851ad10cf33db2a128e0c",
                "sha256:6b3f1ea45620c7db60a98252588947042dd2cca278b60abd4cc3849524187f5e"
            ],
            "version": "==1.15.0"
        },
        "botocore": {
            "hashes": [
                "sha256:4a75c3b43dda666be0137c92f56ac57aceed87697e0b93fa8f1c6b8853df6024",
                "sha256:8deda10476419156d50d40842604b319cebab70914e96d6e544a34656c54b295"
            ],
            "version": "==1.19.16"
        },
        "certifi": {
            "hashes": [
                "sha256:1f422849db327d534e3d0c5f02a263458c3955ec0aae4ff09b95f195c59f4edd",
                "sha256:f05def092c44fbf25834a51509ef6e631dc19765ab8a57b4e7ab85531f0a9cf4"
            ],
            "version": "==2020.11.8"
        },
        "chardet": {
            "hashes": [
                "sha256:84ab92ed1c4d4f16916e05906b6b75a6c0fb5db821cc65e70cbd64a3e2a5eaae",
                "sha256:fc323ffcaeaed0e0a02bf4d117757b98aed530d9ed4531e3e15460124c106691"
            ],
            "version": "==3.0.4"
        },
        "idna": {
            "hashes": [
                "sha256:b307872f855b18632ce0c21c5e45be78c0ea7ae4c15c828c20788b26921eb3f6",
                "sha256:b97d804b1e9b523befed77c48dacec60e6dcb0b5391d57af6a65a312a90648c0"
            ],
            "version": "==2.10"
        },
        "jmespath": {
            "hashes": [
                "sha256:b85d0567b8666149a93172712e68920734333c0ce7e89b78b3e987f71e5ed4f9",
                "sha256:cdf6525904cc597730141d61b36f2e4b8ecc257c420fa2f4549bac2c2d0cb72f"
            ],
            "version": "==0.10.0"
        },
        "pynamodb": {
            "hashes": [
                "sha256:739b3a02bb81f2739e8e7c0bb5174ec053a727c50295f6b20dfbab8cb953216a",
                "sha256:ced47c200073dbbfafb10b26931b9c9bf3c6b898f41dffa3676f5c2e2eddc2f0"
            ],
            "index": "pypi",
            "version": "==4.3.3"
        },
        "python-dateutil": {
            "hashes": [
                "sha256:73ebfe9dbf22e832286dafa60473e4cd239f8592f699aa5adaf10050e6e1823c",
                "sha256:75bb3f31ea686f1197762692a9ee6a7550b59fc6ca3a1f4b5d7e32fb98e2da2a"
            ],
            "version": "==2.8.1"
        },
        "python-dotenv": {
            "hashes": [
                "sha256:0c8d1b80d1a1e91717ea7d526178e3882732420b03f08afea0406db6402e220e",
                "sha256:587825ed60b1711daea4832cf37524dfd404325b7db5e25ebe88c495c9f807a0"
            ],
            "index": "pypi",
            "version": "==0.15.0"
        },
        "requests": {
            "hashes": [
                "sha256:7f1a0b932f4a60a1a65caa4263921bb7d9ee911957e0ae4a23a6dd08185ad5f8",
                "sha256:e786fa28d8c9154e6a4de5d46a1d921b8749f8b74e28bde23768e5e16eece998"
            ],
            "version": "==2.25.0"
        },
        "six": {
            "hashes": [
                "sha256:30639c035cdb23534cd4aa2dd52c3bf48f06e5f4a941509c8bafd8ce11080259",
                "sha256:8b74bedcbbbaca38ff6d7491d76f2b06b3592611af620f8426e82dddb04a5ced"
            ],
            "version": "==1.15.0"
        },
        "urllib3": {
            "hashes": [
                "sha256:8d7eaa5a82a1cac232164990f04874c594c9453ec55eef02eab885aa02fc17a2",
                "sha256:f5321fbe4bf3fefa0efd0bfe7fb14e90909eb62a48ccda331726b4319897dd5e"
            ],
            "markers": "python_version != '3.4'",
            "version": "==1.25.11"
        }
    },
    "develop": {}
}
